
Microsoft Visual Studio Solution File, Format Version 12.00
# Visual Studio Version 17
VisualStudioVersion = 17.10.34607.79
MinimumVisualStudioVersion = 10.0.40219.1
Project("{FAE04EC0-301F-11D3-BF4B-00C04F79EFBC}") = "HJ-Test", "HJ-Test.csproj", "{08B54BD5-69A8-4741-A543-CECEAF62854D}"
EndProject
Global
	GlobalSection(SolutionConfigurationPlatforms) = preSolution
		Debug|Any CPU = Debug|Any CPU
		Release|Any CPU = Release|Any CPU
	EndGlobalSection
	GlobalSection(ProjectConfigurationPlatforms) = postSolution
		{08B54BD5-69A8-4741-A543-CECEAF62854D}.Debug|Any CPU.ActiveCfg = Debug|Any CPU
		{08B54BD5-69A8-4741-A543-CECEAF62854D}.Debug|Any CPU.Build.0 = Debug|Any CPU
		{08B54BD5-69A8-4741-A543-CECEAF62854D}.Release|Any CPU.ActiveCfg = Release|Any CPU
		{08B54BD5-69A8-4741-A543-CECEAF62854D}.Release|Any CPU.Build.0 = Release|Any CPU
	EndGlobalSection
	GlobalSection(SolutionProperties) = preSolution
		HideSolutionNode = FALSE
	EndGlobalSection
	GlobalSection(ExtensibilityGlobals) = postSolution
		SolutionGuid = {6A083D61-314D-46E4-BBCA-1F569554AFBC}
	EndGlobalSection
EndGlobal
